# THIS IS AN AUTOGENERATED FILE. DO NOT EDIT THIS FILE DIRECTLY.
# yarn lockfile v1


"@types/node@^18.11.8":
  "integrity" "sha512-uGwPWlE0Hj972KkHtCDVwZ8O39GmyjfMane1Z3GUBGGnkZ2USDq7SxLpVIiIHpweY9DS0QTDH0Nw7RNBsAAZ5A=="
  "resolved" "https://registry.npmjs.org/@types/node/-/node-18.11.8.tgz"
  "version" "18.11.8"
